
Microsoft Visual Studio Solution File, Format Version 12.00
# Visual Studio 14
VisualStudioVersion = 14.0.25420.1
MinimumVisualStudioVersion = 10.0.40219.1
Project("{FAE04EC0-301F-11D3-BF4B-00C04F79EFBC}") = "Bookshop_Team4", "Bookshop_Team4\Bookshop_Team4.csproj", "{E081C884-43DF-4858-87AC-40CD7F6CCFBE}"
EndProject
Global
	GlobalSection(SolutionConfigurationPlatforms) = preSolution
		Debug|Any CPU = Debug|Any CPU
		Release|Any CPU = Release|Any CPU
	EndGlobalSection
	GlobalSection(ProjectConfigurationPlatforms) = postSolution
		{E081C884-43DF-4858-87AC-40CD7F6CCFBE}.Debug|Any CPU.ActiveCfg = Debug|Any CPU
		{E081C884-43DF-4858-87AC-40CD7F6CCFBE}.Debug|Any CPU.Build.0 = Debug|Any CPU
		{E081C884-43DF-4858-87AC-40CD7F6CCFBE}.Release|Any CPU.ActiveCfg = Release|Any CPU
		{E081C884-43DF-4858-87AC-40CD7F6CCFBE}.Release|Any CPU.Build.0 = Release|Any CPU
	EndGlobalSection
	GlobalSection(SolutionProperties) = preSolution
		HideSolutionNode = FALSE
	EndGlobalSection
EndGlobal
